
Microsoft Visual Studio Solution File, Format Version 12.00
# Visual Studio Version 16
VisualStudioVersion = 16.0.30114.105
MinimumVisualStudioVersion = 10.0.40219.1
Project("{FAE04EC0-301F-11D3-BF4B-00C04F79EFBC}") = "API", "API\API.csproj", "{541A6ACE-EB6A-4C63-90BE-6AA84F9B7C5C}"
EndProject
Project("{FAE04EC0-301F-11D3-BF4B-00C04F79EFBC}") = "BL", "BL\BL.csproj", "{86DA7C7D-22B7-47A6-ABE4-3BBDFA21AFF5}"
EndProject
Project("{FAE04EC0-301F-11D3-BF4B-00C04F79EFBC}") = "DL", "DL\DL.csproj", "{7D8CA4BD-A43F-4136-B6D4-25CC2B768687}"
EndProject
Project("{FAE04EC0-301F-11D3-BF4B-00C04F79EFBC}") = "Models", "Models\Models.csproj", "{08E6E3F4-155A-4EEC-BB4F-2770961B6200}"
EndProject
Project("{2150E333-8FDC-42A3-9474-1A3956D46DE8}") = "Tests", "Tests", "{CC45750E-D0CC-48D3-A38C-582080188833}"
EndProject
Project("{FAE04EC0-301F-11D3-BF4B-00C04F79EFBC}") = "APITests", "Tests\APITests\APITests.csproj", "{63348CF1-0884-4719-A2C4-45926E8881EE}"
EndProject
Project("{FAE04EC0-301F-11D3-BF4B-00C04F79EFBC}") = "DLTests", "Tests\DLTests\DLTests.csproj", "{81ED6A7F-2D1B-477F-88C7-44199C0B327D}"
EndProject
Project("{FAE04EC0-301F-11D3-BF4B-00C04F79EFBC}") = "BLTests", "Tests\BLTests\BLTests.csproj", "{87E8FE4F-8AE6-4975-ABC9-C04A0009D1A2}"
EndProject
Project("{FAE04EC0-301F-11D3-BF4B-00C04F79EFBC}") = "ModelTests", "Tests\ModelTests\ModelTests.csproj", "{E234D78A-EE32-4436-9CC9-4BFA3070207D}"
EndProject
Global
	GlobalSection(SolutionConfigurationPlatforms) = preSolution
		Debug|Any CPU = Debug|Any CPU
		Release|Any CPU = Release|Any CPU
	EndGlobalSection
	GlobalSection(SolutionProperties) = preSolution
		HideSolutionNode = FALSE
	EndGlobalSection
	GlobalSection(ProjectConfigurationPlatforms) = postSolution
		{541A6ACE-EB6A-4C63-90BE-6AA84F9B7C5C}.Debug|Any CPU.ActiveCfg = Debug|Any CPU
		{541A6ACE-EB6A-4C63-90BE-6AA84F9B7C5C}.Debug|Any CPU.Build.0 = Debug|Any CPU
		{541A6ACE-EB6A-4C63-90BE-6AA84F9B7C5C}.Release|Any CPU.ActiveCfg = Release|Any CPU
		{541A6ACE-EB6A-4C63-90BE-6AA84F9B7C5C}.Release|Any CPU.Build.0 = Release|Any CPU
		{86DA7C7D-22B7-47A6-ABE4-3BBDFA21AFF5}.Debug|Any CPU.ActiveCfg = Debug|Any CPU
		{86DA7C7D-22B7-47A6-ABE4-3BBDFA21AFF5}.Debug|Any CPU.Build.0 = Debug|Any CPU
		{86DA7C7D-22B7-47A6-ABE4-3BBDFA21AFF5}.Release|Any CPU.ActiveCfg = Release|Any CPU
		{86DA7C7D-22B7-47A6-ABE4-3BBDFA21AFF5}.Release|Any CPU.Build.0 = Release|Any CPU
		{7D8CA4BD-A43F-4136-B6D4-25CC2B768687}.Debug|Any CPU.ActiveCfg = Debug|Any CPU
		{7D8CA4BD-A43F-4136-B6D4-25CC2B768687}.Debug|Any CPU.Build.0 = Debug|Any CPU
		{7D8CA4BD-A43F-4136-B6D4-25CC2B768687}.Release|Any CPU.ActiveCfg = Release|Any CPU
		{7D8CA4BD-A43F-4136-B6D4-25CC2B768687}.Release|Any CPU.Build.0 = Release|Any CPU
		{08E6E3F4-155A-4EEC-BB4F-2770961B6200}.Debug|Any CPU.ActiveCfg = Debug|Any CPU
		{08E6E3F4-155A-4EEC-BB4F-2770961B6200}.Debug|Any CPU.Build.0 = Debug|Any CPU
		{08E6E3F4-155A-4EEC-BB4F-2770961B6200}.Release|Any CPU.ActiveCfg = Release|Any CPU
		{08E6E3F4-155A-4EEC-BB4F-2770961B6200}.Release|Any CPU.Build.0 = Release|Any CPU
		{63348CF1-0884-4719-A2C4-45926E8881EE}.Debug|Any CPU.ActiveCfg = Debug|Any CPU
		{63348CF1-0884-4719-A2C4-45926E8881EE}.Debug|Any CPU.Build.0 = Debug|Any CPU
		{63348CF1-0884-4719-A2C4-45926E8881EE}.Release|Any CPU.ActiveCfg = Release|Any CPU
		{63348CF1-0884-4719-A2C4-45926E8881EE}.Release|Any CPU.Build.0 = Release|Any CPU
		{81ED6A7F-2D1B-477F-88C7-44199C0B327D}.Debug|Any CPU.ActiveCfg = Debug|Any CPU
		{81ED6A7F-2D1B-477F-88C7-44199C0B327D}.Debug|Any CPU.Build.0 = Debug|Any CPU
		{81ED6A7F-2D1B-477F-88C7-44199C0B327D}.Release|Any CPU.ActiveCfg = Release|Any CPU
		{81ED6A7F-2D1B-477F-88C7-44199C0B327D}.Release|Any CPU.Build.0 = Release|Any CPU
		{87E8FE4F-8AE6-4975-ABC9-C04A0009D1A2}.Debug|Any CPU.ActiveCfg = Debug|Any CPU
		{87E8FE4F-8AE6-4975-ABC9-C04A0009D1A2}.Debug|Any CPU.Build.0 = Debug|Any CPU
		{87E8FE4F-8AE6-4975-ABC9-C04A0009D1A2}.Release|Any CPU.ActiveCfg = Release|Any CPU
		{87E8FE4F-8AE6-4975-ABC9-C04A0009D1A2}.Release|Any CPU.Build.0 = Release|Any CPU
		{E234D78A-EE32-4436-9CC9-4BFA3070207D}.Debug|Any CPU.ActiveCfg = Debug|Any CPU
		{E234D78A-EE32-4436-9CC9-4BFA3070207D}.Debug|Any CPU.Build.0 = Debug|Any CPU
		{E234D78A-EE32-4436-9CC9-4BFA3070207D}.Release|Any CPU.ActiveCfg = Release|Any CPU
		{E234D78A-EE32-4436-9CC9-4BFA3070207D}.Release|Any CPU.Build.0 = Release|Any CPU
	EndGlobalSection
	GlobalSection(NestedProjects) = preSolution
		{63348CF1-0884-4719-A2C4-45926E8881EE} = {CC45750E-D0CC-48D3-A38C-582080188833}
		{81ED6A7F-2D1B-477F-88C7-44199C0B327D} = {CC45750E-D0CC-48D3-A38C-582080188833}
		{87E8FE4F-8AE6-4975-ABC9-C04A0009D1A2} = {CC45750E-D0CC-48D3-A38C-582080188833}
		{E234D78A-EE32-4436-9CC9-4BFA3070207D} = {CC45750E-D0CC-48D3-A38C-582080188833}
	EndGlobalSection
EndGlobal
